
Microsoft Visual Studio Solution File, Format Version 11.00
# Visual Studio 2010
Project("{8BC9CEB8-8B4A-11D0-8D11-00A0C91BC942}") = "autocroplib", "autocroplib\autocroplib.vcxproj", "{766D0FAA-2FE3-40A2-A7DA-B55A983A9001}"
EndProject
Project("{8BC9CEB8-8B4A-11D0-8D11-00A0C91BC942}") = "autocropClient", "autocropClient\autocropClient.vcxproj", "{EBB6FF75-F493-4256-9794-74A33BA86001}"
EndProject
Global
	GlobalSection(SolutionConfigurationPlatforms) = preSolution
		Debug|Win32 = Debug|Win32
		Release|Win32 = Release|Win32
	EndGlobalSection
	GlobalSection(ProjectConfigurationPlatforms) = postSolution
		{766D0FAA-2FE3-40A2-A7DA-B55A983A9001}.Debug|Win32.ActiveCfg = Debug|Win32
		{766D0FAA-2FE3-40A2-A7DA-B55A983A9001}.Debug|Win32.Build.0 = Debug|Win32
		{766D0FAA-2FE3-40A2-A7DA-B55A983A9001}.Release|Win32.ActiveCfg = Release|Win32
		{766D0FAA-2FE3-40A2-A7DA-B55A983A9001}.Release|Win32.Build.0 = Release|Win32
		{EBB6FF75-F493-4256-9794-74A33BA86001}.Debug|Win32.ActiveCfg = Debug|Win32
		{EBB6FF75-F493-4256-9794-74A33BA86001}.Debug|Win32.Build.0 = Debug|Win32
		{EBB6FF75-F493-4256-9794-74A33BA86001}.Release|Win32.ActiveCfg = Release|Win32
		{EBB6FF75-F493-4256-9794-74A33BA86001}.Release|Win32.Build.0 = Release|Win32
	EndGlobalSection
	GlobalSection(SolutionProperties) = preSolution
		HideSolutionNode = FALSE
	EndGlobalSection
EndGlobal
